
Microsoft Visual Studio Solution File, Format Version 12.00
# Visual Studio Version 17
VisualStudioVersion = 17.5.33627.172
MinimumVisualStudioVersion = 10.0.40219.1
Project("{FAE04EC0-301F-11D3-BF4B-00C04F79EFBC}") = "OgrenciNotMvcWeb", "OgrenciNotMvcWeb\OgrenciNotMvcWeb.csproj", "{62A39768-8961-4C76-A1BA-FFF5E88DE54A}"
EndProject
Global
	GlobalSection(SolutionConfigurationPlatforms) = preSolution
		Debug|Any CPU = Debug|Any CPU
		Release|Any CPU = Release|Any CPU
	EndGlobalSection
	GlobalSection(ProjectConfigurationPlatforms) = postSolution
		{62A39768-8961-4C76-A1BA-FFF5E88DE54A}.Debug|Any CPU.ActiveCfg = Debug|Any CPU
		{62A39768-8961-4C76-A1BA-FFF5E88DE54A}.Debug|Any CPU.Build.0 = Debug|Any CPU
		{62A39768-8961-4C76-A1BA-FFF5E88DE54A}.Release|Any CPU.ActiveCfg = Release|Any CPU
		{62A39768-8961-4C76-A1BA-FFF5E88DE54A}.Release|Any CPU.Build.0 = Release|Any CPU
	EndGlobalSection
	GlobalSection(SolutionProperties) = preSolution
		HideSolutionNode = FALSE
	EndGlobalSection
	GlobalSection(ExtensibilityGlobals) = postSolution
		SolutionGuid = {46491769-77DB-4354-A2C1-9325B7BE8E35}
	EndGlobalSection
EndGlobal
